
Microsoft Visual Studio Solution File, Format Version 12.00
# Visual Studio Version 17
VisualStudioVersion = 17.2.32630.192
MinimumVisualStudioVersion = 10.0.40219.1
Project("{9A19103F-16F7-4668-BE54-9A1E7A4F7556}") = "MVVM_Example_01", "MVVM_Example_01\MVVM_Example_01.csproj", "{2BB75502-FA01-4614-8142-CB51F3767AC7}"
EndProject
Project("{9A19103F-16F7-4668-BE54-9A1E7A4F7556}") = "MVVM_Example_02", "MVVM_Example_02\MVVM_Example_02.csproj", "{D4A0C56A-C041-4D1A-907C-FD208D494B3B}"
EndProject
Project("{9A19103F-16F7-4668-BE54-9A1E7A4F7556}") = "MVVM_Example_04_Commands", "MVVM_Example_03_Commands\MVVM_Example_04_Commands.csproj", "{F13BBE15-6AF8-4EA2-8745-70BAFEECEF0A}"
EndProject
Project("{FAE04EC0-301F-11D3-BF4B-00C04F79EFBC}") = "MVVM_Example_03_Locator", "MVVM_Example_03_Locator\MVVM_Example_03_Locator.csproj", "{94D8240E-AB0E-45E8-A7E5-93431917C4FA}"
EndProject
Global
	GlobalSection(SolutionConfigurationPlatforms) = preSolution
		Debug|Any CPU = Debug|Any CPU
		Release|Any CPU = Release|Any CPU
	EndGlobalSection
	GlobalSection(ProjectConfigurationPlatforms) = postSolution
		{2BB75502-FA01-4614-8142-CB51F3767AC7}.Debug|Any CPU.ActiveCfg = Debug|Any CPU
		{2BB75502-FA01-4614-8142-CB51F3767AC7}.Debug|Any CPU.Build.0 = Debug|Any CPU
		{2BB75502-FA01-4614-8142-CB51F3767AC7}.Release|Any CPU.ActiveCfg = Release|Any CPU
		{2BB75502-FA01-4614-8142-CB51F3767AC7}.Release|Any CPU.Build.0 = Release|Any CPU
		{D4A0C56A-C041-4D1A-907C-FD208D494B3B}.Debug|Any CPU.ActiveCfg = Debug|Any CPU
		{D4A0C56A-C041-4D1A-907C-FD208D494B3B}.Debug|Any CPU.Build.0 = Debug|Any CPU
		{D4A0C56A-C041-4D1A-907C-FD208D494B3B}.Release|Any CPU.ActiveCfg = Release|Any CPU
		{D4A0C56A-C041-4D1A-907C-FD208D494B3B}.Release|Any CPU.Build.0 = Release|Any CPU
		{F13BBE15-6AF8-4EA2-8745-70BAFEECEF0A}.Debug|Any CPU.ActiveCfg = Debug|Any CPU
		{F13BBE15-6AF8-4EA2-8745-70BAFEECEF0A}.Debug|Any CPU.Build.0 = Debug|Any CPU
		{F13BBE15-6AF8-4EA2-8745-70BAFEECEF0A}.Release|Any CPU.ActiveCfg = Release|Any CPU
		{F13BBE15-6AF8-4EA2-8745-70BAFEECEF0A}.Release|Any CPU.Build.0 = Release|Any CPU
		{94D8240E-AB0E-45E8-A7E5-93431917C4FA}.Debug|Any CPU.ActiveCfg = Debug|Any CPU
		{94D8240E-AB0E-45E8-A7E5-93431917C4FA}.Debug|Any CPU.Build.0 = Debug|Any CPU
		{94D8240E-AB0E-45E8-A7E5-93431917C4FA}.Release|Any CPU.ActiveCfg = Release|Any CPU
		{94D8240E-AB0E-45E8-A7E5-93431917C4FA}.Release|Any CPU.Build.0 = Release|Any CPU
	EndGlobalSection
	GlobalSection(SolutionProperties) = preSolution
		HideSolutionNode = FALSE
	EndGlobalSection
	GlobalSection(ExtensibilityGlobals) = postSolution
		SolutionGuid = {89FEB72B-4582-4900-87A1-3DF8B176C04E}
	EndGlobalSection
EndGlobal
